
Microsoft Visual Studio Solution File, Format Version 12.00
# Visual Studio Version 16
VisualStudioVersion = 16.0.31313.79
MinimumVisualStudioVersion = 10.0.40219.1
Project("{FAE04EC0-301F-11D3-BF4B-00C04F79EFBC}") = "ToyRobot", "Main\ToyRobot.csproj", "{A7B687CF-D9DD-414A-96CE-8F04456CCCDA}"
EndProject
Project("{FAE04EC0-301F-11D3-BF4B-00C04F79EFBC}") = "ToyRobotLibrary", "ToyRobotLibrary\ToyRobotLibrary.csproj", "{20BE2CF7-E94D-4C29-AE73-09E42099AA17}"
EndProject
Global
	GlobalSection(SolutionConfigurationPlatforms) = preSolution
		Debug|Any CPU = Debug|Any CPU
		Release|Any CPU = Release|Any CPU
	EndGlobalSection
	GlobalSection(ProjectConfigurationPlatforms) = postSolution
		{A7B687CF-D9DD-414A-96CE-8F04456CCCDA}.Debug|Any CPU.ActiveCfg = Debug|Any CPU
		{A7B687CF-D9DD-414A-96CE-8F04456CCCDA}.Debug|Any CPU.Build.0 = Debug|Any CPU
		{A7B687CF-D9DD-414A-96CE-8F04456CCCDA}.Release|Any CPU.ActiveCfg = Release|Any CPU
		{A7B687CF-D9DD-414A-96CE-8F04456CCCDA}.Release|Any CPU.Build.0 = Release|Any CPU
		{20BE2CF7-E94D-4C29-AE73-09E42099AA17}.Debug|Any CPU.ActiveCfg = Debug|Any CPU
		{20BE2CF7-E94D-4C29-AE73-09E42099AA17}.Debug|Any CPU.Build.0 = Debug|Any CPU
		{20BE2CF7-E94D-4C29-AE73-09E42099AA17}.Release|Any CPU.ActiveCfg = Release|Any CPU
		{20BE2CF7-E94D-4C29-AE73-09E42099AA17}.Release|Any CPU.Build.0 = Release|Any CPU
	EndGlobalSection
	GlobalSection(SolutionProperties) = preSolution
		HideSolutionNode = FALSE
	EndGlobalSection
	GlobalSection(ExtensibilityGlobals) = postSolution
		SolutionGuid = {95F44FCD-F7D7-4EC7-BDB5-2236A365D56F}
	EndGlobalSection
EndGlobal
